
Microsoft Visual Studio Solution File, Format Version 12.00
Project("{F2A71F9B-5D33-465A-A702-920D77279786}") = "Feliz.Bulma", "src\Feliz.Bulma\Feliz.Bulma.fsproj", "{43305628-0021-4187-B975-B71FC374B90B}"
EndProject
Project("{F2A71F9B-5D33-465A-A702-920D77279786}") = "Feliz.Bulma.QuickView", "src\Feliz.Bulma.QuickView\Feliz.Bulma.QuickView.fsproj", "{1D2AB86E-C371-411A-8516-7B55845DDCDD}"
EndProject
Project("{F2A71F9B-5D33-465A-A702-920D77279786}") = "Feliz.Bulma.Calendar", "src\Feliz.Bulma.Calendar\Feliz.Bulma.Calendar.fsproj", "{BFE39054-7F17-4FFB-8C8B-EDAD9B90AE60}"
EndProject
Project("{F2A71F9B-5D33-465A-A702-920D77279786}") = "Docs", "src\Docs\Docs.fsproj", "{5BBD25A7-0399-45CA-8D90-BFF2C8B54D7D}"
EndProject
Project("{F2A71F9B-5D33-465A-A702-920D77279786}") = "Feliz.Bulma.Tooltip", "src\Feliz.Bulma.Tooltip\Feliz.Bulma.Tooltip.fsproj", "{671DD722-16D8-4D0A-8909-96E2E07E2EA3}"
EndProject
Project("{F2A71F9B-5D33-465A-A702-920D77279786}") = "Feliz.Bulma.Checkradio", "src\Feliz.Bulma.Checkradio\Feliz.Bulma.Checkradio.fsproj", "{06F2BCDD-5337-4DA8-85E1-DE6C9728D71D}"
EndProject
Project("{F2A71F9B-5D33-465A-A702-920D77279786}") = "Feliz.Bulma.Popover", "src\Feliz.Bulma.Popover\Feliz.Bulma.Popover.fsproj", "{580F4270-A643-42F7-ACEE-399581D44A1B}"
EndProject
Project("{F2A71F9B-5D33-465A-A702-920D77279786}") = "Feliz.Bulma.PageLoader", "src\Feliz.Bulma.PageLoader\Feliz.Bulma.PageLoader.fsproj", "{BB8E1C6C-AE56-437C-9613-47F336CF86CD}"
EndProject
Global
	GlobalSection(SolutionConfigurationPlatforms) = preSolution
		Debug|Any CPU = Debug|Any CPU
		Release|Any CPU = Release|Any CPU
	EndGlobalSection
	GlobalSection(ProjectConfigurationPlatforms) = postSolution
		{43305628-0021-4187-B975-B71FC374B90B}.Debug|Any CPU.ActiveCfg = Debug|Any CPU
		{43305628-0021-4187-B975-B71FC374B90B}.Debug|Any CPU.Build.0 = Debug|Any CPU
		{43305628-0021-4187-B975-B71FC374B90B}.Release|Any CPU.ActiveCfg = Release|Any CPU
		{43305628-0021-4187-B975-B71FC374B90B}.Release|Any CPU.Build.0 = Release|Any CPU
		{1D2AB86E-C371-411A-8516-7B55845DDCDD}.Debug|Any CPU.ActiveCfg = Debug|Any CPU
		{1D2AB86E-C371-411A-8516-7B55845DDCDD}.Debug|Any CPU.Build.0 = Debug|Any CPU
		{1D2AB86E-C371-411A-8516-7B55845DDCDD}.Release|Any CPU.ActiveCfg = Release|Any CPU
		{1D2AB86E-C371-411A-8516-7B55845DDCDD}.Release|Any CPU.Build.0 = Release|Any CPU
		{BFE39054-7F17-4FFB-8C8B-EDAD9B90AE60}.Debug|Any CPU.ActiveCfg = Debug|Any CPU
		{BFE39054-7F17-4FFB-8C8B-EDAD9B90AE60}.Debug|Any CPU.Build.0 = Debug|Any CPU
		{BFE39054-7F17-4FFB-8C8B-EDAD9B90AE60}.Release|Any CPU.ActiveCfg = Release|Any CPU
		{BFE39054-7F17-4FFB-8C8B-EDAD9B90AE60}.Release|Any CPU.Build.0 = Release|Any CPU
		{5BBD25A7-0399-45CA-8D90-BFF2C8B54D7D}.Debug|Any CPU.ActiveCfg = Debug|Any CPU
		{5BBD25A7-0399-45CA-8D90-BFF2C8B54D7D}.Debug|Any CPU.Build.0 = Debug|Any CPU
		{5BBD25A7-0399-45CA-8D90-BFF2C8B54D7D}.Release|Any CPU.ActiveCfg = Release|Any CPU
		{5BBD25A7-0399-45CA-8D90-BFF2C8B54D7D}.Release|Any CPU.Build.0 = Release|Any CPU
		{671DD722-16D8-4D0A-8909-96E2E07E2EA3}.Debug|Any CPU.ActiveCfg = Debug|Any CPU
		{671DD722-16D8-4D0A-8909-96E2E07E2EA3}.Debug|Any CPU.Build.0 = Debug|Any CPU
		{671DD722-16D8-4D0A-8909-96E2E07E2EA3}.Release|Any CPU.ActiveCfg = Release|Any CPU
		{671DD722-16D8-4D0A-8909-96E2E07E2EA3}.Release|Any CPU.Build.0 = Release|Any CPU
		{06F2BCDD-5337-4DA8-85E1-DE6C9728D71D}.Debug|Any CPU.ActiveCfg = Debug|Any CPU
		{06F2BCDD-5337-4DA8-85E1-DE6C9728D71D}.Debug|Any CPU.Build.0 = Debug|Any CPU
		{06F2BCDD-5337-4DA8-85E1-DE6C9728D71D}.Release|Any CPU.ActiveCfg = Release|Any CPU
		{06F2BCDD-5337-4DA8-85E1-DE6C9728D71D}.Release|Any CPU.Build.0 = Release|Any CPU
		{580F4270-A643-42F7-ACEE-399581D44A1B}.Debug|Any CPU.ActiveCfg = Debug|Any CPU
		{580F4270-A643-42F7-ACEE-399581D44A1B}.Debug|Any CPU.Build.0 = Debug|Any CPU
		{580F4270-A643-42F7-ACEE-399581D44A1B}.Release|Any CPU.ActiveCfg = Release|Any CPU
		{580F4270-A643-42F7-ACEE-399581D44A1B}.Release|Any CPU.Build.0 = Release|Any CPU
		{BB8E1C6C-AE56-437C-9613-47F336CF86CD}.Debug|Any CPU.ActiveCfg = Debug|Any CPU
		{BB8E1C6C-AE56-437C-9613-47F336CF86CD}.Debug|Any CPU.Build.0 = Debug|Any CPU
		{BB8E1C6C-AE56-437C-9613-47F336CF86CD}.Release|Any CPU.ActiveCfg = Release|Any CPU
		{BB8E1C6C-AE56-437C-9613-47F336CF86CD}.Release|Any CPU.Build.0 = Release|Any CPU
	EndGlobalSection
EndGlobal
