# THIS IS AN AUTOGENERATED FILE. DO NOT EDIT THIS FILE DIRECTLY.
# yarn lockfile v1


bulma-calendar@^6.0.7:
  version "6.0.7"
  resolved "https://registry.yarnpkg.com/bulma-calendar/-/bulma-calendar-6.0.7.tgz#123b39c6f237745f1595254d5bb7c193feb0905b"
  integrity sha512-hSb8Y8myovv0e0SIPLVPZGtaGIzL/6SkZM3JiK9OaqjcCZFtYYjBaYCpLstn93J95+46sf8KU9LHIxU4o+b1kg==
  dependencies:
    bulma latest
    date-and-time "^0.6.3"
    date-fns "^1.29.0"

bulma@^0.8.0, bulma@latest:
  version "0.8.0"
  resolved "https://registry.yarnpkg.com/bulma/-/bulma-0.8.0.tgz#ac1606431703a4761b18a4a2d5cc1fa864a2aece"
  integrity sha512-nhf3rGyiZh/VM7FrSJ/5KeLlfaFkXz0nYcXriynfPH4vVpnxnqyEwaNGdNCVzHyyCA3cHgkQAMpdF/SFbFGZfA==

core-js@^3.2.1:
  version "3.4.3"
  resolved "https://registry.yarnpkg.com/core-js/-/core-js-3.4.3.tgz#09ea102412a368d5f73d24f082e41ac90c633a49"
  integrity sha512-BVvHidX8uAmLCYPfLpXTEex7jz1uZJ1mW+shhIsBdA716O8Fg6TOwSgenSyO/bvEtnGdOTpKRZPSh4bSVI1k9w==

date-and-time@^0.6.3:
  version "0.6.3"
  resolved "https://registry.yarnpkg.com/date-and-time/-/date-and-time-0.6.3.tgz#2daee52df67c28bd93bce862756ac86b68cf4237"
  integrity sha512-lcWy3AXDRJOD7MplwZMmNSRM//kZtJaLz4n6D1P5z9wEmZGBKhJRBIr1Xs9KNQJmdXPblvgffynYji4iylUTcA==

date-fns@^1.29.0:
  version "1.30.1"
  resolved "https://registry.yarnpkg.com/date-fns/-/date-fns-1.30.1.tgz#2e71bf0b119153dbb4cc4e88d9ea5acfb50dc05c"
  integrity sha512-hBSVCvSmWC+QypYObzwGOd9wqdDpOt+0wl0KbU+R+uuZBS1jN8VsD1ss3irQDknRj5NvxiTF6oj/nDRnN/UQNw==
